
Microsoft Visual Studio Solution File, Format Version 12.00
# Visual Studio Version 16
VisualStudioVersion = 16.0.31402.337
MinimumVisualStudioVersion = 10.0.40219.1
Project("{FAE04EC0-301F-11D3-BF4B-00C04F79EFBC}") = "Clearn", "Clearn\Clearn.csproj", "{3C51E30B-6531-42A3-A618-2B61BAF12BEF}"
EndProject
Global
	GlobalSection(SolutionConfigurationPlatforms) = preSolution
		Debug|Any CPU = Debug|Any CPU
		Release|Any CPU = Release|Any CPU
	EndGlobalSection
	GlobalSection(ProjectConfigurationPlatforms) = postSolution
		{3C51E30B-6531-42A3-A618-2B61BAF12BEF}.Debug|Any CPU.ActiveCfg = Debug|Any CPU
		{3C51E30B-6531-42A3-A618-2B61BAF12BEF}.Debug|Any CPU.Build.0 = Debug|Any CPU
		{3C51E30B-6531-42A3-A618-2B61BAF12BEF}.Release|Any CPU.ActiveCfg = Release|Any CPU
		{3C51E30B-6531-42A3-A618-2B61BAF12BEF}.Release|Any CPU.Build.0 = Release|Any CPU
	EndGlobalSection
	GlobalSection(SolutionProperties) = preSolution
		HideSolutionNode = FALSE
	EndGlobalSection
	GlobalSection(ExtensibilityGlobals) = postSolution
		SolutionGuid = {D5EF7CFC-AD99-4C90-9A9D-3CACD4FA3CFA}
	EndGlobalSection
EndGlobal
